{
  "version": 4,
  "terraform_version": "1.0.9",
  "serial": 11,
  "lineage": "b3f44857-5006-3203-11a9-557e7d833af6",
  "outputs": {},
  "resources": [
    {
      "mode": "managed",
      "type": "aws_vpc",
      "name": "new_vpc",
      "provider": "provider[\"registry.terraform.io/hashicorp/aws\"]",
      "instances": [
        {
          "schema_version": 1,
          "attributes": {
            "arn": "arn:aws:ec2:us-east-1:681160700656:vpc/vpc-08ced562c3961a029",
            "assign_generated_ipv6_cidr_block": false,
            "cidr_block": "10.0.0.0/16",
            "default_network_acl_id": "acl-05f0f9784891e900c",
            "default_route_table_id": "rtb-0ba424c34761ba068",
            "default_security_group_id": "sg-0de7c9e61b9ea5c52",
            "dhcp_options_id": "dopt-0fabd67b8f9f8e3be",
            "enable_classiclink": false,
            "enable_classiclink_dns_support": false,
            "enable_dns_hostnames": false,
            "enable_dns_support": true,
            "id": "vpc-08ced562c3961a029",
            "instance_tenancy": "default",
            "ipv6_association_id": "",
            "ipv6_cidr_block": "",
            "main_route_table_id": "rtb-0ba424c34761ba068",
            "owner_id": "681160700656",
            "tags": {
              "Name": "fullcycle-vpc"
            },
            "tags_all": {
              "Name": "fullcycle-vpc"
            }
          },
          "sensitive_attributes": [],
          "private": "eyJzY2hlbWFfdmVyc2lvbiI6IjEifQ=="
        }
      ]
    }
  ]
}
